
Microsoft Visual Studio Solution File, Format Version 12.00
# Visual Studio 2012
Project("{8BC9CEB8-8B4A-11D0-8D11-00A0C91BC942}") = "TE3D", "TE3D.vcxproj", "{DD0A1CE2-D341-45DE-85CA-93AAD6FF18FE}"
EndProject
Global
	GlobalSection(SolutionConfigurationPlatforms) = preSolution
		Debug|Win32 = Debug|Win32
		Release|Win32 = Release|Win32
	EndGlobalSection
	GlobalSection(ProjectConfigurationPlatforms) = postSolution
		{DD0A1CE2-D341-45DE-85CA-93AAD6FF18FE}.Debug|Win32.ActiveCfg = Debug|Win32
		{DD0A1CE2-D341-45DE-85CA-93AAD6FF18FE}.Debug|Win32.Build.0 = Debug|Win32
		{DD0A1CE2-D341-45DE-85CA-93AAD6FF18FE}.Release|Win32.ActiveCfg = Release|Win32
		{DD0A1CE2-D341-45DE-85CA-93AAD6FF18FE}.Release|Win32.Build.0 = Release|Win32
	EndGlobalSection
	GlobalSection(SolutionProperties) = preSolution
		HideSolutionNode = FALSE
	EndGlobalSection
EndGlobal
