<?xml version="1.0" encoding="utf-8"?>
<Project ToolsVersion="4.0" xmlns="http://schemas.microsoft.com/developer/msbuild/2003">
  <ItemGroup>
    <Filter Include="Source Files">
      <UniqueIdentifier>{4FC737F1-C7A5-4376-A066-2A32D752A2FF}</UniqueIdentifier>
      <Extensions>cpp;c;cc;cxx;def;odl;idl;hpj;bat;asm;asmx</Extensions>
    </Filter>
    <Filter Include="Header Files">
      <UniqueIdentifier>{93995380-89BD-4b04-88EB-625FBE52EBFB}</UniqueIdentifier>
      <Extensions>h;hpp;hxx;hm;inl;inc;xsd</Extensions>
    </Filter>
    <Filter Include="Resource Files">
      <UniqueIdentifier>{67DA6AB6-F800-4c08-8B7A-83BB121AAD01}</UniqueIdentifier>
      <Extensions>rc;ico;cur;bmp;dlg;rc2;rct;bin;rgs;gif;jpg;jpeg;jpe;resx;tiff;tif;png;wav</Extensions>
    </Filter>
    <Filter Include="Test">
      <UniqueIdentifier>{1ce1030a-dbcb-4fe5-ba16-a3d992127070}</UniqueIdentifier>
    </Filter>
    <Filter Include="Test\Cube">
      <UniqueIdentifier>{4afe28b0-6ced-4838-96b3-0d9f0eb85be8}</UniqueIdentifier>
    </Filter>
    <Filter Include="Test\Modelloader">
      <UniqueIdentifier>{28e2ae8c-bf40-43a6-9b20-52441ec15834}</UniqueIdentifier>
    </Filter>
  </ItemGroup>
  <ItemGroup>
    <ClCompile Include="..\arraylist.c">
      <Filter>Source Files</Filter>
    </ClCompile>
    <ClCompile Include="..\ascii_converter.c">
      <Filter>Source Files</Filter>
    </ClCompile>
    <ClCompile Include="..\console.c">
      <Filter>Source Files</Filter>
    </ClCompile>
    <ClCompile Include="..\core.c">
      <Filter>Source Files</Filter>
    </ClCompile>
    <ClCompile Include="..\list.c">
      <Filter>Source Files</Filter>
    </ClCompile>
    <ClCompile Include="..\models.c">
      <Filter>Source Files</Filter>
    </ClCompile>
    <ClCompile Include="..\transformation.c">
      <Filter>Source Files</Filter>
    </ClCompile>
    <ClCompile Include="..\graphics.c">
      <Filter>Source Files</Filter>
    </ClCompile>
    <ClCompile Include="..\test\cube\main.c">
      <Filter>Test\Cube</Filter>
    </ClCompile>
    <ClCompile Include="..\modelloader_obj.cpp">
      <Filter>Source Files</Filter>
    </ClCompile>
    <ClCompile Include="..\test\modelloader\main.c">
      <Filter>Test\Modelloader</Filter>
    </ClCompile>
  </ItemGroup>
  <ItemGroup>
    <ClInclude Include="..\arraylist.h">
      <Filter>Header Files</Filter>
    </ClInclude>
    <ClInclude Include="..\ascii_converter.h">
      <Filter>Header Files</Filter>
    </ClInclude>
    <ClInclude Include="..\console.h">
      <Filter>Header Files</Filter>
    </ClInclude>
    <ClInclude Include="..\graphics.h">
      <Filter>Header Files</Filter>
    </ClInclude>
    <ClInclude Include="..\interface.h">
      <Filter>Header Files</Filter>
    </ClInclude>
    <ClInclude Include="..\list.h">
      <Filter>Header Files</Filter>
    </ClInclude>
    <ClInclude Include="..\models.h">
      <Filter>Header Files</Filter>
    </ClInclude>
    <ClInclude Include="..\core.h">
      <Filter>Header Files</Filter>
    </ClInclude>
    <ClInclude Include="..\transformation.h">
      <Filter>Header Files</Filter>
    </ClInclude>
    <ClInclude Include="..\TE3D.h">
      <Filter>Header Files</Filter>
    </ClInclude>
    <ClInclude Include="..\modelloader_obj.h">
      <Filter>Header Files</Filter>
    </ClInclude>
  </ItemGroup>
  <ItemGroup>
    <Object Include="..\test\modelloader\church.obj">
      <Filter>Test\Modelloader</Filter>
    </Object>
  </ItemGroup>
</Project>